
Microsoft Visual Studio Solution File, Format Version 12.00
# Visual Studio Version 17
VisualStudioVersion = 17.4.33110.190
MinimumVisualStudioVersion = 10.0.40219.1
Project("{FAE04EC0-301F-11D3-BF4B-00C04F79EFBC}") = "DurableJobs", "DurableJobs\DurableJobs.csproj", "{46274FE8-90B5-44C2-8084-42C658C0886F}"
EndProject
Global
	GlobalSection(SolutionConfigurationPlatforms) = preSolution
		Debug|Any CPU = Debug|Any CPU
		Release|Any CPU = Release|Any CPU
	EndGlobalSection
	GlobalSection(ProjectConfigurationPlatforms) = postSolution
		{46274FE8-90B5-44C2-8084-42C658C0886F}.Debug|Any CPU.ActiveCfg = Debug|Any CPU
		{46274FE8-90B5-44C2-8084-42C658C0886F}.Debug|Any CPU.Build.0 = Debug|Any CPU
		{46274FE8-90B5-44C2-8084-42C658C0886F}.Release|Any CPU.ActiveCfg = Release|Any CPU
		{46274FE8-90B5-44C2-8084-42C658C0886F}.Release|Any CPU.Build.0 = Release|Any CPU
	EndGlobalSection
	GlobalSection(SolutionProperties) = preSolution
		HideSolutionNode = FALSE
	EndGlobalSection
	GlobalSection(ExtensibilityGlobals) = postSolution
		SolutionGuid = {D54D9C00-9B9C-4938-B673-CC1060D95D19}
	EndGlobalSection
EndGlobal
